{
  "../sir/sir-solidity-diff-tests/lib/forge-std": {
    "rev": "b090968353a209833d4a6f1383230477e96d8438"
  },
  "../sir/sir-solidity-diff-tests/lib/solady": {
    "rev": "acd959aa4bd04720d640bf4e6a5c71037510cc4b"
  },
  "lib/forge-std": {
    "tag": {
      "name": "v1.16.0",
      "rev": "8987040ede9553cea20c95ad40d0455930f9c8e0"
    }
  },
  "lib/plank-foundry-deployer": {
    "rev": "79879d7"
  },
  "lib/solady": {
    "tag": {
      "name": "v0.1.26",
      "rev": "acd959aa4bd04720d640bf4e6a5c71037510cc4b"
    }
  },
  "plankc/plank-diff-tests/lib/forge-std": {
    "rev": "8987040ede9553cea20c95ad40d0455930f9c8e0"
  },
  "plankc/sir/sir-solidity-diff-tests/lib/forge-std": {
    "rev": "b090968353a209833d4a6f1383230477e96d8438"
  }
}